{
  "name": "@myroom-display/server",
  "version": "1.0.0",
  "lockfileVersion": 2,
  "requires": true,
  "packages": {
    "": {
      "name": "@myroom-display/server",
      "version": "1.0.0",
      "license": "ISC",
      "dependencies": {
        "bcryptjs": "^2.4.3",
        "koa": "^2.13.4",
        "koa-body": "^5.0.0",
        "koa-router": "^10.1.1",
        "koa-static": "^5.0.0",
        "moment": "^2.29.3",
        "mysql2": "^2.3.3",
        "require-directory": "^2.1.1",
        "sequelize": "^6.19.2"
      },
      "devDependencies": {
        "@types/bcryptjs": "^2.4.2",
        "@types/koa": "^2.13.4",
        "@types/koa-router": "^7.4.4",
        "@types/koa-static": "^4.0.2",
        "@types/require-directory": "^2.1.2",
        "esno": "^0.16.3"
      }
    },
    "../../node_modules/.pnpm/@types+koa-router@7.4.4/node_modules/@types/koa-router": {
      "version": "7.4.4",
      "dev": true,
      "license": "MIT",
      "dependencies": {
        "@types/koa": "*"
      }
    },
    "../../node_modules/.pnpm/@types+koa-static@4.0.2/node_modules/@types/koa-static": {
      "version": "4.0.2",
      "dev": true,
      "license": "MIT",
      "dependencies": {
        "@types/koa": "*",
        "@types/koa-send": "*"
      }
    },
    "../../node_modules/.pnpm/@types+koa@2.13.4/node_modules/@types/koa": {
      "version": "2.13.4",
      "dev": true,
      "license": "MIT",
      "dependencies": {
        "@types/accepts": "*",
        "@types/content-disposition": "*",
        "@types/cookies": "*",
        "@types/http-assert": "*",
        "@types/http-errors": "*",
        "@types/keygrip": "*",
        "@types/koa-compose": "*",
        "@types/node": "*"
      }
    },
    "../../node_modules/.pnpm/bcryptjs@2.4.3/node_modules/bcryptjs": {
      "version": "2.4.3",
      "extraneous": true,
      "license": "MIT",
      "devDependencies": {
        "bcrypt": "latest",
        "closurecompiler": "~1",
        "metascript": "~0.18",
        "testjs": "~1",
        "utfx": "~1"
      }
    },
    "../../node_modules/.pnpm/esno@0.16.3/node_modules/esno": {
      "version": "0.16.3",
      "dev": true,
      "license": "MIT",
      "dependencies": {
        "tsx": "^3.2.1"
      },
      "bin": {
        "esno": "esno.js"
      },
      "devDependencies": {
        "fsxx": "^0.0.5",
        "typescript": "^4.5.5",
        "zx": "^4.3.0"
      }
    },
    "../../node_modules/.pnpm/koa-body@5.0.0/node_modules/koa-body": {
      "version": "5.0.0",
      "license": "MIT",
      "dependencies": {
        "@types/formidable": "^2.0.4",
        "co-body": "^5.1.1",
        "formidable": "^2.0.1"
      },
      "devDependencies": {
        "@types/koa": "^2.0.39",
        "koa": "^2.0.0",
        "koa-router": "^7.0.1",
        "mocha": "5.2.0",
        "should": "13.2.1",
        "sinon": "^7.2.2",
        "supertest": "3.1.0"
      }
    },
    "../../node_modules/.pnpm/koa-router@10.1.1/node_modules/koa-router": {
      "version": "10.1.1",
      "license": "MIT",
      "dependencies": {
        "debug": "^4.1.1",
        "http-errors": "^1.7.3",
        "koa-compose": "^4.1.0",
        "methods": "^1.1.2",
        "path-to-regexp": "^6.1.0"
      },
      "devDependencies": {
        "@ladjs/env": "^1.0.0",
        "expect.js": "^0.3.1",
        "jsdoc-to-markdown": "^5.0.3",
        "koa": "^2.11.0",
        "mocha": "^7.0.1",
        "nyc": "^15.0.0",
        "should": "^13.2.3",
        "supertest": "^4.0.2",
        "wrk": "^1.2.0"
      },
      "engines": {
        "node": ">= 8.0.0"
      }
    },
    "../../node_modules/.pnpm/koa-static@5.0.0/node_modules/koa-static": {
      "version": "5.0.0",
      "license": "MIT",
      "dependencies": {
        "debug": "^3.1.0",
        "koa-send": "^5.0.0"
      },
      "devDependencies": {
        "eslint": "^4.19.1",
        "eslint-config-standard": "^11.0.0",
        "eslint-plugin-import": "^2.12.0",
        "eslint-plugin-node": "^6.0.1",
        "eslint-plugin-promise": "^3.8.0",
        "eslint-plugin-standard": "^3.1.0",
        "istanbul": "^0.4.5",
        "koa": "^2.5.1",
        "mocha": "^5.2.0",
        "supertest": "^3.1.0"
      },
      "engines": {
        "node": ">= 7.6.0"
      }
    },
    "../../node_modules/.pnpm/koa@2.13.4/node_modules/koa": {
      "version": "2.13.4",
      "license": "MIT",
      "dependencies": {
        "accepts": "^1.3.5",
        "cache-content-type": "^1.0.0",
        "content-disposition": "~0.5.2",
        "content-type": "^1.0.4",
        "cookies": "~0.8.0",
        "debug": "^4.3.2",
        "delegates": "^1.0.0",
        "depd": "^2.0.0",
        "destroy": "^1.0.4",
        "encodeurl": "^1.0.2",
        "escape-html": "^1.0.3",
        "fresh": "~0.5.2",
        "http-assert": "^1.3.0",
        "http-errors": "^1.6.3",
        "is-generator-function": "^1.0.7",
        "koa-compose": "^4.1.0",
        "koa-convert": "^2.0.0",
        "on-finished": "^2.3.0",
        "only": "~0.0.2",
        "parseurl": "^1.3.2",
        "statuses": "^1.5.0",
        "type-is": "^1.6.16",
        "vary": "^1.1.2"
      },
      "devDependencies": {
        "eslint": "^7.32.0",
        "eslint-config-koa": "^2.0.0",
        "eslint-config-standard": "^16.0.3",
        "eslint-plugin-import": "^2.18.2",
        "eslint-plugin-node": "^11.1.0",
        "eslint-plugin-promise": "^5.1.0",
        "eslint-plugin-standard": "^5.0.0",
        "gen-esm-wrapper": "^1.0.6",
        "jest": "^27.0.6",
        "supertest": "^3.1.0"
      },
      "engines": {
        "node": "^4.8.4 || ^6.10.1 || ^7.10.1 || >= 8.1.4"
      }
    },
    "../../node_modules/.pnpm/moment@2.29.3/node_modules/moment": {
      "version": "2.29.3",
      "license": "MIT",
      "devDependencies": {
        "benchmark": "latest",
        "coveralls": "latest",
        "cross-env": "^6.0.3",
        "es6-promise": "latest",
        "eslint": "~6",
        "grunt": "latest",
        "grunt-benchmark": "latest",
        "grunt-cli": "latest",
        "grunt-contrib-clean": "latest",
        "grunt-contrib-concat": "latest",
        "grunt-contrib-copy": "latest",
        "grunt-contrib-uglify": "latest",
        "grunt-contrib-watch": "latest",
        "grunt-env": "latest",
        "grunt-exec": "latest",
        "grunt-karma": "latest",
        "grunt-nuget": "latest",
        "grunt-string-replace": "latest",
        "karma": "latest",
        "karma-chrome-launcher": "latest",
        "karma-firefox-launcher": "latest",
        "karma-qunit": "latest",
        "karma-sauce-launcher": "4.1.4",
        "load-grunt-tasks": "latest",
        "lodash": ">=4.17.19",
        "node-qunit": "latest",
        "nyc": "latest",
        "prettier": "latest",
        "qunit": "^2.10.0",
        "rollup": "2.17.1",
        "typescript": "^1.8.10",
        "typescript3": "npm:typescript@^3.1.6",
        "uglify-js": "latest"
      },
      "engines": {
        "node": "*"
      }
    },
    "../../node_modules/.pnpm/mysql2@2.3.3/node_modules/mysql2": {
      "version": "2.3.3",
      "license": "MIT",
      "dependencies": {
        "denque": "^2.0.1",
        "generate-function": "^2.3.1",
        "iconv-lite": "^0.6.3",
        "long": "^4.0.0",
        "lru-cache": "^6.0.0",
        "named-placeholders": "^1.1.2",
        "seq-queue": "^0.0.5",
        "sqlstring": "^2.3.2"
      },
      "devDependencies": {
        "@typescript-eslint/eslint-plugin": "^4.33.0",
        "@typescript-eslint/parser": "^4.33.0",
        "assert-diff": "^3.0.2",
        "benchmark": "^2.1.4",
        "c8": "^7.10.0",
        "error-stack-parser": "^2.0.3",
        "eslint": "^7.32.0",
        "eslint-config-prettier": "^8.3.0",
        "eslint-plugin-async-await": "0.0.0",
        "eslint-plugin-markdown": "^2.2.1",
        "husky": "^7.0.2",
        "is-async-supported": "^1.2.0",
        "lint-staged": "^11.2.0",
        "portfinder": "^1.0.28",
        "prettier": "^2.4.1",
        "progress": "^2.0.3",
        "typescript": "^4.4.3",
        "urun": "0.0.8",
        "utest": "0.0.8"
      },
      "engines": {
        "node": ">= 8.0"
      }
    },
    "../../node_modules/.pnpm/sequelize@6.19.2_mysql2@2.3.3/node_modules/sequelize": {
      "version": "6.19.2",
      "extraneous": true,
      "funding": [
        {
          "type": "opencollective",
          "url": "https://opencollective.com/sequelize"
        }
      ],
      "license": "MIT",
      "dependencies": {
        "@types/debug": "^4.1.7",
        "@types/validator": "^13.7.1",
        "debug": "^4.3.3",
        "dottie": "^2.0.2",
        "inflection": "^1.13.2",
        "lodash": "^4.17.21",
        "moment": "^2.29.1",
        "moment-timezone": "^0.5.34",
        "pg-connection-string": "^2.5.0",
        "retry-as-promised": "^5.0.0",
        "semver": "^7.3.5",
        "sequelize-pool": "^7.1.0",
        "toposort-class": "^1.0.1",
        "uuid": "^8.3.2",
        "validator": "^13.7.0",
        "wkx": "^0.5.0"
      },
      "devDependencies": {
        "@commitlint/cli": "^15.0.0",
        "@commitlint/config-angular": "^15.0.0",
        "@octokit/rest": "^18.12.0",
        "@octokit/types": "^6.34.0",
        "@types/chai": "^4.3.0",
        "@types/lodash": "4.14.182",
        "@types/mocha": "^9.0.0",
        "@types/node": "^16.11.17",
        "@types/sinon": "^10.0.6",
        "@typescript-eslint/eslint-plugin": "^5.8.1",
        "@typescript-eslint/parser": "^5.8.1",
        "acorn": "^8.7.0",
        "chai": "^4.3.4",
        "chai-as-promised": "^7.1.1",
        "chai-datetime": "^1.8.0",
        "cheerio": "^1.0.0-rc.10",
        "cls-hooked": "^4.2.2",
        "copyfiles": "^2.4.1",
        "cross-env": "^7.0.3",
        "delay": "^5.0.0",
        "esbuild": "0.14.3",
        "esdoc": "^1.1.0",
        "esdoc-ecmascript-proposal-plugin": "^1.0.0",
        "esdoc-inject-style-plugin": "^1.0.0",
        "esdoc-standard-plugin": "^1.0.0",
        "eslint": "^8.5.0",
        "eslint-plugin-jsdoc": "^37.4.0",
        "eslint-plugin-mocha": "^9.0.0",
        "expect-type": "^0.12.0",
        "fast-glob": "^3.2.7",
        "fs-jetpack": "^4.3.0",
        "husky": "^7.0.4",
        "ibm_db": "^2.8.1",
        "js-combinatorics": "^0.6.1",
        "lcov-result-merger": "^3.1.0",
        "lint-staged": "^12.1.4",
        "mariadb": "^2.5.5",
        "markdownlint-cli": "^0.30.0",
        "mocha": "^7.2.0",
        "module-alias": "^2.2.2",
        "mysql2": "^2.3.3",
        "node-hook": "^1.0.0",
        "nyc": "^15.1.0",
        "p-map": "^4.0.0",
        "p-props": "^4.0.0",
        "p-settle": "^4.1.1",
        "p-timeout": "^4.0.0",
        "pg": "^8.7.1",
        "pg-hstore": "^2.3.4",
        "rimraf": "^3.0.2",
        "semantic-release": "^18.0.1",
        "semantic-release-fail-on-major-bump": "^1.0.0",
        "sinon": "^12.0.1",
        "sinon-chai": "^3.7.0",
        "snowflake-sdk": "^1.6.6",
        "source-map-support": "^0.5.21",
        "sqlite3": "npm:@vscode/sqlite3@^5.0.7",
        "tedious": "8.3.0",
        "typescript": "^4.5.4"
      },
      "engines": {
        "node": ">=10.0.0"
      },
      "peerDependenciesMeta": {
        "ibm_db": {
          "optional": true
        },
        "mariadb": {
          "optional": true
        },
        "mysql2": {
          "optional": true
        },
        "pg": {
          "optional": true
        },
        "pg-hstore": {
          "optional": true
        },
        "snowflake-sdk": {
          "optional": true
        },
        "sqlite3": {
          "optional": true
        },
        "tedious": {
          "optional": true
        }
      }
    },
    "node_modules/@types/bcryptjs": {
      "version": "2.4.2",
      "resolved": "https://registry.npmmirror.com/@types/bcryptjs/-/bcryptjs-2.4.2.tgz",
      "integrity": "sha512-LiMQ6EOPob/4yUL66SZzu6Yh77cbzJFYll+ZfaPiPPFswtIlA/Fs1MzdKYA7JApHU49zQTbJGX3PDmCpIdDBRQ==",
      "dev": true
    },
    "node_modules/@types/debug": {
      "version": "4.1.7",
      "resolved": "https://registry.npmmirror.com/@types/debug/-/debug-4.1.7.tgz",
      "integrity": "sha512-9AonUzyTjXXhEOa0DnqpzZi6VHlqKMswga9EXjpXnnqxwLtdvPPtlO8evrI5D9S6asFRCQ6v+wpiUKbw+vKqyg==",
      "dependencies": {
        "@types/ms": "*"
      }
    },
    "node_modules/@types/koa": {
      "resolved": "../../node_modules/.pnpm/@types+koa@2.13.4/node_modules/@types/koa",
      "link": true
    },
    "node_modules/@types/koa-router": {
      "resolved": "../../node_modules/.pnpm/@types+koa-router@7.4.4/node_modules/@types/koa-router",
      "link": true
    },
    "node_modules/@types/koa-static": {
      "resolved": "../../node_modules/.pnpm/@types+koa-static@4.0.2/node_modules/@types/koa-static",
      "link": true
    },
    "node_modules/@types/ms": {
      "version": "0.7.31",
      "resolved": "https://registry.npmmirror.com/@types/ms/-/ms-0.7.31.tgz",
      "integrity": "sha512-iiUgKzV9AuaEkZqkOLDIvlQiL6ltuZd9tGcW3gwpnX8JbuiuhFlEGmmFXEXkN50Cvq7Os88IY2v0dkDqXYWVgA=="
    },
    "node_modules/@types/node": {
      "version": "17.0.35",
      "resolved": "https://registry.npmmirror.com/@types/node/-/node-17.0.35.tgz",
      "integrity": "sha512-vu1SrqBjbbZ3J6vwY17jBs8Sr/BKA+/a/WtjRG+whKg1iuLFOosq872EXS0eXWILdO36DHQQeku/ZcL6hz2fpg=="
    },
    "node_modules/@types/require-directory": {
      "version": "2.1.2",
      "resolved": "https://registry.npmmirror.com/@types/require-directory/-/require-directory-2.1.2.tgz",
      "integrity": "sha512-FUG5PJ2rsV2TssSspVZefTR8+wH3Ahr6KdAB6WanLNroSDu0A5ew4WVUxnnGU/E1k6nzip9ZawGAAe/ZqzGn5g==",
      "dev": true,
      "dependencies": {
        "@types/node": "*"
      }
    },
    "node_modules/@types/validator": {
      "version": "13.7.2",
      "resolved": "https://registry.npmmirror.com/@types/validator/-/validator-13.7.2.tgz",
      "integrity": "sha512-KFcchQ3h0OPQgFirBRPZr5F/sVjxZsOrQHedj3zi8AH3Zv/hOLx2OLR4hxR5HcfoU+33n69ZuOfzthKVdMoTiw=="
    },
    "node_modules/bcryptjs": {
      "version": "2.4.3",
      "resolved": "https://registry.npmmirror.com/bcryptjs/-/bcryptjs-2.4.3.tgz",
      "integrity": "sha512-V/Hy/X9Vt7f3BbPJEi8BdVFMByHi+jNXrYkW3huaybV/kQ0KJg0Y6PkEMbn+zeT+i+SiKZ/HMqJGIIt4LZDqNQ=="
    },
    "node_modules/debug": {
      "version": "4.3.4",
      "resolved": "https://registry.npmmirror.com/debug/-/debug-4.3.4.tgz",
      "integrity": "sha512-PRWFHuSU3eDtQJPvnNY7Jcket1j0t5OuOsFzPPzsekD52Zl8qUfFIPEiswXqIvHWGVHOgX+7G/vCNNhehwxfkQ==",
      "dependencies": {
        "ms": "2.1.2"
      },
      "engines": {
        "node": ">=6.0"
      },
      "peerDependenciesMeta": {
        "supports-color": {
          "optional": true
        }
      }
    },
    "node_modules/dottie": {
      "version": "2.0.2",
      "resolved": "https://registry.npmmirror.com/dottie/-/dottie-2.0.2.tgz",
      "integrity": "sha512-fmrwR04lsniq/uSr8yikThDTrM7epXHBAAjH9TbeH3rEA8tdCO7mRzB9hdmdGyJCxF8KERo9CITcm3kGuoyMhg=="
    },
    "node_modules/esno": {
      "resolved": "../../node_modules/.pnpm/esno@0.16.3/node_modules/esno",
      "link": true
    },
    "node_modules/inflection": {
      "version": "1.13.2",
      "resolved": "https://registry.npmmirror.com/inflection/-/inflection-1.13.2.tgz",
      "integrity": "sha512-cmZlljCRTBFouT8UzMzrGcVEvkv6D/wBdcdKG7J1QH5cXjtU75Dm+P27v9EKu/Y43UYyCJd1WC4zLebRrC8NBw==",
      "engines": [
        "node >= 0.4.0"
      ]
    },
    "node_modules/koa": {
      "resolved": "../../node_modules/.pnpm/koa@2.13.4/node_modules/koa",
      "link": true
    },
    "node_modules/koa-body": {
      "resolved": "../../node_modules/.pnpm/koa-body@5.0.0/node_modules/koa-body",
      "link": true
    },
    "node_modules/koa-router": {
      "resolved": "../../node_modules/.pnpm/koa-router@10.1.1/node_modules/koa-router",
      "link": true
    },
    "node_modules/koa-static": {
      "resolved": "../../node_modules/.pnpm/koa-static@5.0.0/node_modules/koa-static",
      "link": true
    },
    "node_modules/lodash": {
      "version": "4.17.21",
      "resolved": "https://registry.npmmirror.com/lodash/-/lodash-4.17.21.tgz",
      "integrity": "sha512-v2kDEe57lecTulaDIuNTPy3Ry4gLGJ6Z1O3vE1krgXZNrsQ+LFTGHVxVjcXPs17LhbZVGedAJv8XZ1tvj5FvSg=="
    },
    "node_modules/lru-cache": {
      "version": "6.0.0",
      "resolved": "https://registry.npmmirror.com/lru-cache/-/lru-cache-6.0.0.tgz",
      "integrity": "sha512-Jo6dJ04CmSjuznwJSS3pUeWmd/H0ffTlkXXgwZi+eq1UCmqQwCh+eLsYOYCwY991i2Fah4h1BEMCx4qThGbsiA==",
      "dependencies": {
        "yallist": "^4.0.0"
      },
      "engines": {
        "node": ">=10"
      }
    },
    "node_modules/moment": {
      "resolved": "../../node_modules/.pnpm/moment@2.29.3/node_modules/moment",
      "link": true
    },
    "node_modules/moment-timezone": {
      "version": "0.5.34",
      "resolved": "https://registry.npmmirror.com/moment-timezone/-/moment-timezone-0.5.34.tgz",
      "integrity": "sha512-3zAEHh2hKUs3EXLESx/wsgw6IQdusOT8Bxm3D9UrHPQR7zlMmzwybC8zHEM1tQ4LJwP7fcxrWr8tuBg05fFCbg==",
      "dependencies": {
        "moment": ">= 2.9.0"
      },
      "engines": {
        "node": "*"
      }
    },
    "node_modules/ms": {
      "version": "2.1.2",
      "resolved": "https://registry.npmmirror.com/ms/-/ms-2.1.2.tgz",
      "integrity": "sha512-sGkPx+VjMtmA6MX27oA4FBFELFCZZ4S4XqeGOXCv68tT+jb3vk/RyaKWP0PTKyWtmLSM0b+adUTEvbs1PEaH2w=="
    },
    "node_modules/mysql2": {
      "resolved": "../../node_modules/.pnpm/mysql2@2.3.3/node_modules/mysql2",
      "link": true
    },
    "node_modules/pg-connection-string": {
      "version": "2.5.0",
      "resolved": "https://registry.npmmirror.com/pg-connection-string/-/pg-connection-string-2.5.0.tgz",
      "integrity": "sha512-r5o/V/ORTA6TmUnyWZR9nCj1klXCO2CEKNRlVuJptZe85QuhFayC7WeMic7ndayT5IRIR0S0xFxFi2ousartlQ=="
    },
    "node_modules/require-directory": {
      "version": "2.1.1",
      "resolved": "https://registry.npmmirror.com/require-directory/-/require-directory-2.1.1.tgz",
      "integrity": "sha512-fGxEI7+wsG9xrvdjsrlmL22OMTTiHRwAMroiEeMgq8gzoLC/PQr7RsRDSTLUg/bZAZtF+TVIkHc6/4RIKrui+Q==",
      "engines": {
        "node": ">=0.10.0"
      }
    },
    "node_modules/retry-as-promised": {
      "version": "5.0.0",
      "resolved": "https://registry.npmmirror.com/retry-as-promised/-/retry-as-promised-5.0.0.tgz",
      "integrity": "sha512-6S+5LvtTl2ggBumk04hBo/4Uf6fRJUwIgunGZ7CYEBCeufGFW1Pu6ucUf/UskHeWOIsUcLOGLFXPig5tR5V1nA=="
    },
    "node_modules/semver": {
      "version": "7.3.7",
      "resolved": "https://registry.npmmirror.com/semver/-/semver-7.3.7.tgz",
      "integrity": "sha512-QlYTucUYOews+WeEujDoEGziz4K6c47V/Bd+LjSSYcA94p+DmINdf7ncaUinThfvZyu13lN9OY1XDxt8C0Tw0g==",
      "dependencies": {
        "lru-cache": "^6.0.0"
      },
      "bin": {
        "semver": "bin/semver.js"
      },
      "engines": {
        "node": ">=10"
      }
    },
    "node_modules/sequelize": {
      "version": "6.19.2",
      "resolved": "https://registry.npmmirror.com/sequelize/-/sequelize-6.19.2.tgz",
      "integrity": "sha512-799X+BsyloPzq1ooZQNJgevRYwdAla50+6MchUra28Mdw3xmc0NTj+16pb/cAaKDcQS2pgmyDn1ZePjP2wS0nA==",
      "dependencies": {
        "@types/debug": "^4.1.7",
        "@types/validator": "^13.7.1",
        "debug": "^4.3.3",
        "dottie": "^2.0.2",
        "inflection": "^1.13.2",
        "lodash": "^4.17.21",
        "moment": "^2.29.1",
        "moment-timezone": "^0.5.34",
        "pg-connection-string": "^2.5.0",
        "retry-as-promised": "^5.0.0",
        "semver": "^7.3.5",
        "sequelize-pool": "^7.1.0",
        "toposort-class": "^1.0.1",
        "uuid": "^8.3.2",
        "validator": "^13.7.0",
        "wkx": "^0.5.0"
      },
      "engines": {
        "node": ">=10.0.0"
      },
      "peerDependenciesMeta": {
        "ibm_db": {
          "optional": true
        },
        "mariadb": {
          "optional": true
        },
        "mysql2": {
          "optional": true
        },
        "pg": {
          "optional": true
        },
        "pg-hstore": {
          "optional": true
        },
        "snowflake-sdk": {
          "optional": true
        },
        "sqlite3": {
          "optional": true
        },
        "tedious": {
          "optional": true
        }
      }
    },
    "node_modules/sequelize-pool": {
      "version": "7.1.0",
      "resolved": "https://registry.npmmirror.com/sequelize-pool/-/sequelize-pool-7.1.0.tgz",
      "integrity": "sha512-G9c0qlIWQSK29pR/5U2JF5dDQeqqHRragoyahj/Nx4KOOQ3CPPfzxnfqFPCSB7x5UgjOgnZ61nSxz+fjDpRlJg==",
      "engines": {
        "node": ">= 10.0.0"
      }
    },
    "node_modules/toposort-class": {
      "version": "1.0.1",
      "resolved": "https://registry.npmmirror.com/toposort-class/-/toposort-class-1.0.1.tgz",
      "integrity": "sha512-OsLcGGbYF3rMjPUf8oKktyvCiUxSbqMMS39m33MAjLTC1DVIH6x3WSt63/M77ihI09+Sdfk1AXvfhCEeUmC7mg=="
    },
    "node_modules/uuid": {
      "version": "8.3.2",
      "resolved": "https://registry.npmmirror.com/uuid/-/uuid-8.3.2.tgz",
      "integrity": "sha512-+NYs2QeMWy+GWFOEm9xnn6HCDp0l7QBD7ml8zLUmJ+93Q5NF0NocErnwkTkXVFNiX3/fpC6afS8Dhb/gz7R7eg==",
      "bin": {
        "uuid": "dist/bin/uuid"
      }
    },
    "node_modules/validator": {
      "version": "13.7.0",
      "resolved": "https://registry.npmmirror.com/validator/-/validator-13.7.0.tgz",
      "integrity": "sha512-nYXQLCBkpJ8X6ltALua9dRrZDHVYxjJ1wgskNt1lH9fzGjs3tgojGSCBjmEPwkWS1y29+DrizMTW19Pr9uB2nw==",
      "engines": {
        "node": ">= 0.10"
      }
    },
    "node_modules/wkx": {
      "version": "0.5.0",
      "resolved": "https://registry.npmmirror.com/wkx/-/wkx-0.5.0.tgz",
      "integrity": "sha512-Xng/d4Ichh8uN4l0FToV/258EjMGU9MGcA0HV2d9B/ZpZB3lqQm7nkOdZdm5GhKtLLhAE7PiVQwN4eN+2YJJUg==",
      "dependencies": {
        "@types/node": "*"
      }
    },
    "node_modules/yallist": {
      "version": "4.0.0",
      "resolved": "https://registry.npmmirror.com/yallist/-/yallist-4.0.0.tgz",
      "integrity": "sha512-3wdGidZyq5PB084XLES5TpOSRA3wjXAlIWMhum2kRcv/41Sn2emQ0dycQW4uZXLejwKvg6EsvbdlVL+FYEct7A=="
    }
  },
  "dependencies": {
    "@types/bcryptjs": {
      "version": "2.4.2",
      "resolved": "https://registry.npmmirror.com/@types/bcryptjs/-/bcryptjs-2.4.2.tgz",
      "integrity": "sha512-LiMQ6EOPob/4yUL66SZzu6Yh77cbzJFYll+ZfaPiPPFswtIlA/Fs1MzdKYA7JApHU49zQTbJGX3PDmCpIdDBRQ==",
      "dev": true
    },
    "@types/debug": {
      "version": "4.1.7",
      "resolved": "https://registry.npmmirror.com/@types/debug/-/debug-4.1.7.tgz",
      "integrity": "sha512-9AonUzyTjXXhEOa0DnqpzZi6VHlqKMswga9EXjpXnnqxwLtdvPPtlO8evrI5D9S6asFRCQ6v+wpiUKbw+vKqyg==",
      "requires": {
        "@types/ms": "*"
      }
    },
    "@types/koa": {
      "version": "file:../../node_modules/.pnpm/@types+koa@2.13.4/node_modules/@types/koa",
      "requires": {
        "@types/accepts": "*",
        "@types/content-disposition": "*",
        "@types/cookies": "*",
        "@types/http-assert": "*",
        "@types/http-errors": "*",
        "@types/keygrip": "*",
        "@types/koa-compose": "*",
        "@types/node": "*"
      }
    },
    "@types/koa-router": {
      "version": "file:../../node_modules/.pnpm/@types+koa-router@7.4.4/node_modules/@types/koa-router",
      "requires": {
        "@types/koa": "*"
      }
    },
    "@types/koa-static": {
      "version": "file:../../node_modules/.pnpm/@types+koa-static@4.0.2/node_modules/@types/koa-static",
      "requires": {
        "@types/koa": "*",
        "@types/koa-send": "*"
      }
    },
    "@types/ms": {
      "version": "0.7.31",
      "resolved": "https://registry.npmmirror.com/@types/ms/-/ms-0.7.31.tgz",
      "integrity": "sha512-iiUgKzV9AuaEkZqkOLDIvlQiL6ltuZd9tGcW3gwpnX8JbuiuhFlEGmmFXEXkN50Cvq7Os88IY2v0dkDqXYWVgA=="
    },
    "@types/node": {
      "version": "17.0.35",
      "resolved": "https://registry.npmmirror.com/@types/node/-/node-17.0.35.tgz",
      "integrity": "sha512-vu1SrqBjbbZ3J6vwY17jBs8Sr/BKA+/a/WtjRG+whKg1iuLFOosq872EXS0eXWILdO36DHQQeku/ZcL6hz2fpg=="
    },
    "@types/require-directory": {
      "version": "2.1.2",
      "resolved": "https://registry.npmmirror.com/@types/require-directory/-/require-directory-2.1.2.tgz",
      "integrity": "sha512-FUG5PJ2rsV2TssSspVZefTR8+wH3Ahr6KdAB6WanLNroSDu0A5ew4WVUxnnGU/E1k6nzip9ZawGAAe/ZqzGn5g==",
      "dev": true,
      "requires": {
        "@types/node": "*"
      }
    },
    "@types/validator": {
      "version": "13.7.2",
      "resolved": "https://registry.npmmirror.com/@types/validator/-/validator-13.7.2.tgz",
      "integrity": "sha512-KFcchQ3h0OPQgFirBRPZr5F/sVjxZsOrQHedj3zi8AH3Zv/hOLx2OLR4hxR5HcfoU+33n69ZuOfzthKVdMoTiw=="
    },
    "bcryptjs": {
      "version": "2.4.3",
      "resolved": "https://registry.npmmirror.com/bcryptjs/-/bcryptjs-2.4.3.tgz",
      "integrity": "sha512-V/Hy/X9Vt7f3BbPJEi8BdVFMByHi+jNXrYkW3huaybV/kQ0KJg0Y6PkEMbn+zeT+i+SiKZ/HMqJGIIt4LZDqNQ=="
    },
    "debug": {
      "version": "4.3.4",
      "resolved": "https://registry.npmmirror.com/debug/-/debug-4.3.4.tgz",
      "integrity": "sha512-PRWFHuSU3eDtQJPvnNY7Jcket1j0t5OuOsFzPPzsekD52Zl8qUfFIPEiswXqIvHWGVHOgX+7G/vCNNhehwxfkQ==",
      "requires": {
        "ms": "2.1.2"
      }
    },
    "dottie": {
      "version": "2.0.2",
      "resolved": "https://registry.npmmirror.com/dottie/-/dottie-2.0.2.tgz",
      "integrity": "sha512-fmrwR04lsniq/uSr8yikThDTrM7epXHBAAjH9TbeH3rEA8tdCO7mRzB9hdmdGyJCxF8KERo9CITcm3kGuoyMhg=="
    },
    "esno": {
      "version": "file:../../node_modules/.pnpm/esno@0.16.3/node_modules/esno",
      "requires": {
        "fsxx": "^0.0.5",
        "tsx": "^3.2.1",
        "typescript": "^4.5.5",
        "zx": "^4.3.0"
      }
    },
    "inflection": {
      "version": "1.13.2",
      "resolved": "https://registry.npmmirror.com/inflection/-/inflection-1.13.2.tgz",
      "integrity": "sha512-cmZlljCRTBFouT8UzMzrGcVEvkv6D/wBdcdKG7J1QH5cXjtU75Dm+P27v9EKu/Y43UYyCJd1WC4zLebRrC8NBw=="
    },
    "koa": {
      "version": "file:../../node_modules/.pnpm/koa@2.13.4/node_modules/koa",
      "requires": {
        "accepts": "^1.3.5",
        "cache-content-type": "^1.0.0",
        "content-disposition": "~0.5.2",
        "content-type": "^1.0.4",
        "cookies": "~0.8.0",
        "debug": "^4.3.2",
        "delegates": "^1.0.0",
        "depd": "^2.0.0",
        "destroy": "^1.0.4",
        "encodeurl": "^1.0.2",
        "escape-html": "^1.0.3",
        "eslint": "^7.32.0",
        "eslint-config-koa": "^2.0.0",
        "eslint-config-standard": "^16.0.3",
        "eslint-plugin-import": "^2.18.2",
        "eslint-plugin-node": "^11.1.0",
        "eslint-plugin-promise": "^5.1.0",
        "eslint-plugin-standard": "^5.0.0",
        "fresh": "~0.5.2",
        "gen-esm-wrapper": "^1.0.6",
        "http-assert": "^1.3.0",
        "http-errors": "^1.6.3",
        "is-generator-function": "^1.0.7",
        "jest": "^27.0.6",
        "koa-compose": "^4.1.0",
        "koa-convert": "^2.0.0",
        "on-finished": "^2.3.0",
        "only": "~0.0.2",
        "parseurl": "^1.3.2",
        "statuses": "^1.5.0",
        "supertest": "^3.1.0",
        "type-is": "^1.6.16",
        "vary": "^1.1.2"
      }
    },
    "koa-body": {
      "version": "file:../../node_modules/.pnpm/koa-body@5.0.0/node_modules/koa-body",
      "requires": {
        "@types/formidable": "^2.0.4",
        "@types/koa": "^2.0.39",
        "co-body": "^5.1.1",
        "formidable": "^2.0.1",
        "koa": "^2.0.0",
        "koa-router": "^7.0.1",
        "mocha": "5.2.0",
        "should": "13.2.1",
        "sinon": "^7.2.2",
        "supertest": "3.1.0"
      }
    },
    "koa-router": {
      "version": "file:../../node_modules/.pnpm/koa-router@10.1.1/node_modules/koa-router",
      "requires": {
        "@ladjs/env": "^1.0.0",
        "debug": "^4.1.1",
        "expect.js": "^0.3.1",
        "http-errors": "^1.7.3",
        "jsdoc-to-markdown": "^5.0.3",
        "koa": "^2.11.0",
        "koa-compose": "^4.1.0",
        "methods": "^1.1.2",
        "mocha": "^7.0.1",
        "nyc": "^15.0.0",
        "path-to-regexp": "^6.1.0",
        "should": "^13.2.3",
        "supertest": "^4.0.2",
        "wrk": "^1.2.0"
      }
    },
    "koa-static": {
      "version": "file:../../node_modules/.pnpm/koa-static@5.0.0/node_modules/koa-static",
      "requires": {
        "debug": "^3.1.0",
        "eslint": "^4.19.1",
        "eslint-config-standard": "^11.0.0",
        "eslint-plugin-import": "^2.12.0",
        "eslint-plugin-node": "^6.0.1",
        "eslint-plugin-promise": "^3.8.0",
        "eslint-plugin-standard": "^3.1.0",
        "istanbul": "^0.4.5",
        "koa": "^2.5.1",
        "koa-send": "^5.0.0",
        "mocha": "^5.2.0",
        "supertest": "^3.1.0"
      }
    },
    "lodash": {
      "version": "4.17.21",
      "resolved": "https://registry.npmmirror.com/lodash/-/lodash-4.17.21.tgz",
      "integrity": "sha512-v2kDEe57lecTulaDIuNTPy3Ry4gLGJ6Z1O3vE1krgXZNrsQ+LFTGHVxVjcXPs17LhbZVGedAJv8XZ1tvj5FvSg=="
    },
    "lru-cache": {
      "version": "6.0.0",
      "resolved": "https://registry.npmmirror.com/lru-cache/-/lru-cache-6.0.0.tgz",
      "integrity": "sha512-Jo6dJ04CmSjuznwJSS3pUeWmd/H0ffTlkXXgwZi+eq1UCmqQwCh+eLsYOYCwY991i2Fah4h1BEMCx4qThGbsiA==",
      "requires": {
        "yallist": "^4.0.0"
      }
    },
    "moment": {
      "version": "file:../../node_modules/.pnpm/moment@2.29.3/node_modules/moment",
      "requires": {
        "benchmark": "latest",
        "coveralls": "latest",
        "cross-env": "^6.0.3",
        "es6-promise": "latest",
        "eslint": "~6",
        "grunt": "latest",
        "grunt-benchmark": "latest",
        "grunt-cli": "latest",
        "grunt-contrib-clean": "latest",
        "grunt-contrib-concat": "latest",
        "grunt-contrib-copy": "latest",
        "grunt-contrib-uglify": "latest",
        "grunt-contrib-watch": "latest",
        "grunt-env": "latest",
        "grunt-exec": "latest",
        "grunt-karma": "latest",
        "grunt-nuget": "latest",
        "grunt-string-replace": "latest",
        "karma": "latest",
        "karma-chrome-launcher": "latest",
        "karma-firefox-launcher": "latest",
        "karma-qunit": "latest",
        "karma-sauce-launcher": "4.1.4",
        "load-grunt-tasks": "latest",
        "lodash": ">=4.17.19",
        "node-qunit": "latest",
        "nyc": "latest",
        "prettier": "latest",
        "qunit": "^2.10.0",
        "rollup": "2.17.1",
        "typescript": "^1.8.10",
        "typescript3": "npm:typescript@^3.1.6",
        "uglify-js": "latest"
      }
    },
    "moment-timezone": {
      "version": "0.5.34",
      "resolved": "https://registry.npmmirror.com/moment-timezone/-/moment-timezone-0.5.34.tgz",
      "integrity": "sha512-3zAEHh2hKUs3EXLESx/wsgw6IQdusOT8Bxm3D9UrHPQR7zlMmzwybC8zHEM1tQ4LJwP7fcxrWr8tuBg05fFCbg==",
      "requires": {
        "moment": ">= 2.9.0"
      }
    },
    "ms": {
      "version": "2.1.2",
      "resolved": "https://registry.npmmirror.com/ms/-/ms-2.1.2.tgz",
      "integrity": "sha512-sGkPx+VjMtmA6MX27oA4FBFELFCZZ4S4XqeGOXCv68tT+jb3vk/RyaKWP0PTKyWtmLSM0b+adUTEvbs1PEaH2w=="
    },
    "mysql2": {
      "version": "file:../../node_modules/.pnpm/mysql2@2.3.3/node_modules/mysql2",
      "requires": {
        "@typescript-eslint/eslint-plugin": "^4.33.0",
        "@typescript-eslint/parser": "^4.33.0",
        "assert-diff": "^3.0.2",
        "benchmark": "^2.1.4",
        "c8": "^7.10.0",
        "denque": "^2.0.1",
        "error-stack-parser": "^2.0.3",
        "eslint": "^7.32.0",
        "eslint-config-prettier": "^8.3.0",
        "eslint-plugin-async-await": "0.0.0",
        "eslint-plugin-markdown": "^2.2.1",
        "generate-function": "^2.3.1",
        "husky": "^7.0.2",
        "iconv-lite": "^0.6.3",
        "is-async-supported": "^1.2.0",
        "lint-staged": "^11.2.0",
        "long": "^4.0.0",
        "lru-cache": "^6.0.0",
        "named-placeholders": "^1.1.2",
        "portfinder": "^1.0.28",
        "prettier": "^2.4.1",
        "progress": "^2.0.3",
        "seq-queue": "^0.0.5",
        "sqlstring": "^2.3.2",
        "typescript": "^4.4.3",
        "urun": "0.0.8",
        "utest": "0.0.8"
      }
    },
    "pg-connection-string": {
      "version": "2.5.0",
      "resolved": "https://registry.npmmirror.com/pg-connection-string/-/pg-connection-string-2.5.0.tgz",
      "integrity": "sha512-r5o/V/ORTA6TmUnyWZR9nCj1klXCO2CEKNRlVuJptZe85QuhFayC7WeMic7ndayT5IRIR0S0xFxFi2ousartlQ=="
    },
    "require-directory": {
      "version": "2.1.1",
      "resolved": "https://registry.npmmirror.com/require-directory/-/require-directory-2.1.1.tgz",
      "integrity": "sha512-fGxEI7+wsG9xrvdjsrlmL22OMTTiHRwAMroiEeMgq8gzoLC/PQr7RsRDSTLUg/bZAZtF+TVIkHc6/4RIKrui+Q=="
    },
    "retry-as-promised": {
      "version": "5.0.0",
      "resolved": "https://registry.npmmirror.com/retry-as-promised/-/retry-as-promised-5.0.0.tgz",
      "integrity": "sha512-6S+5LvtTl2ggBumk04hBo/4Uf6fRJUwIgunGZ7CYEBCeufGFW1Pu6ucUf/UskHeWOIsUcLOGLFXPig5tR5V1nA=="
    },
    "semver": {
      "version": "7.3.7",
      "resolved": "https://registry.npmmirror.com/semver/-/semver-7.3.7.tgz",
      "integrity": "sha512-QlYTucUYOews+WeEujDoEGziz4K6c47V/Bd+LjSSYcA94p+DmINdf7ncaUinThfvZyu13lN9OY1XDxt8C0Tw0g==",
      "requires": {
        "lru-cache": "^6.0.0"
      }
    },
    "sequelize": {
      "version": "6.19.2",
      "resolved": "https://registry.npmmirror.com/sequelize/-/sequelize-6.19.2.tgz",
      "integrity": "sha512-799X+BsyloPzq1ooZQNJgevRYwdAla50+6MchUra28Mdw3xmc0NTj+16pb/cAaKDcQS2pgmyDn1ZePjP2wS0nA==",
      "requires": {
        "@types/debug": "^4.1.7",
        "@types/validator": "^13.7.1",
        "debug": "^4.3.3",
        "dottie": "^2.0.2",
        "inflection": "^1.13.2",
        "lodash": "^4.17.21",
        "moment": "^2.29.1",
        "moment-timezone": "^0.5.34",
        "pg-connection-string": "^2.5.0",
        "retry-as-promised": "^5.0.0",
        "semver": "^7.3.5",
        "sequelize-pool": "^7.1.0",
        "toposort-class": "^1.0.1",
        "uuid": "^8.3.2",
        "validator": "^13.7.0",
        "wkx": "^0.5.0"
      }
    },
    "sequelize-pool": {
      "version": "7.1.0",
      "resolved": "https://registry.npmmirror.com/sequelize-pool/-/sequelize-pool-7.1.0.tgz",
      "integrity": "sha512-G9c0qlIWQSK29pR/5U2JF5dDQeqqHRragoyahj/Nx4KOOQ3CPPfzxnfqFPCSB7x5UgjOgnZ61nSxz+fjDpRlJg=="
    },
    "toposort-class": {
      "version": "1.0.1",
      "resolved": "https://registry.npmmirror.com/toposort-class/-/toposort-class-1.0.1.tgz",
      "integrity": "sha512-OsLcGGbYF3rMjPUf8oKktyvCiUxSbqMMS39m33MAjLTC1DVIH6x3WSt63/M77ihI09+Sdfk1AXvfhCEeUmC7mg=="
    },
    "uuid": {
      "version": "8.3.2",
      "resolved": "https://registry.npmmirror.com/uuid/-/uuid-8.3.2.tgz",
      "integrity": "sha512-+NYs2QeMWy+GWFOEm9xnn6HCDp0l7QBD7ml8zLUmJ+93Q5NF0NocErnwkTkXVFNiX3/fpC6afS8Dhb/gz7R7eg=="
    },
    "validator": {
      "version": "13.7.0",
      "resolved": "https://registry.npmmirror.com/validator/-/validator-13.7.0.tgz",
      "integrity": "sha512-nYXQLCBkpJ8X6ltALua9dRrZDHVYxjJ1wgskNt1lH9fzGjs3tgojGSCBjmEPwkWS1y29+DrizMTW19Pr9uB2nw=="
    },
    "wkx": {
      "version": "0.5.0",
      "resolved": "https://registry.npmmirror.com/wkx/-/wkx-0.5.0.tgz",
      "integrity": "sha512-Xng/d4Ichh8uN4l0FToV/258EjMGU9MGcA0HV2d9B/ZpZB3lqQm7nkOdZdm5GhKtLLhAE7PiVQwN4eN+2YJJUg==",
      "requires": {
        "@types/node": "*"
      }
    },
    "yallist": {
      "version": "4.0.0",
      "resolved": "https://registry.npmmirror.com/yallist/-/yallist-4.0.0.tgz",
      "integrity": "sha512-3wdGidZyq5PB084XLES5TpOSRA3wjXAlIWMhum2kRcv/41Sn2emQ0dycQW4uZXLejwKvg6EsvbdlVL+FYEct7A=="
    }
  }
}
